
Microsoft Visual Studio Solution File, Format Version 12.00
# Visual Studio Version 16
VisualStudioVersion = 16.0.31613.86
MinimumVisualStudioVersion = 10.0.40219.1
Project("{FAE04EC0-301F-11D3-BF4B-00C04F79EFBC}") = "core_tarik_api_empty", "core_tarik_api_empty.csproj", "{2B4F5B65-A099-4408-AF1C-6A38B69B8DC4}"
EndProject
Global
	GlobalSection(SolutionConfigurationPlatforms) = preSolution
		Debug|Any CPU = Debug|Any CPU
		Release|Any CPU = Release|Any CPU
	EndGlobalSection
	GlobalSection(ProjectConfigurationPlatforms) = postSolution
		{2B4F5B65-A099-4408-AF1C-6A38B69B8DC4}.Debug|Any CPU.ActiveCfg = Debug|Any CPU
		{2B4F5B65-A099-4408-AF1C-6A38B69B8DC4}.Debug|Any CPU.Build.0 = Debug|Any CPU
		{2B4F5B65-A099-4408-AF1C-6A38B69B8DC4}.Release|Any CPU.ActiveCfg = Release|Any CPU
		{2B4F5B65-A099-4408-AF1C-6A38B69B8DC4}.Release|Any CPU.Build.0 = Release|Any CPU
	EndGlobalSection
	GlobalSection(SolutionProperties) = preSolution
		HideSolutionNode = FALSE
	EndGlobalSection
	GlobalSection(ExtensibilityGlobals) = postSolution
		SolutionGuid = {38B9E14E-1315-4BDB-BDF9-17F6544FAE0A}
	EndGlobalSection
EndGlobal
